
Microsoft Visual Studio Solution File, Format Version 12.00
# Visual Studio Version 17
VisualStudioVersion = 17.4.33205.214
MinimumVisualStudioVersion = 10.0.40219.1
Project("{FAE04EC0-301F-11D3-BF4B-00C04F79EFBC}") = "Bunifufuuf", "Bunifufuuf\Bunifufuuf.csproj", "{DFBF72A2-BEFB-44DA-88F7-475EF9349457}"
EndProject
Global
	GlobalSection(SolutionConfigurationPlatforms) = preSolution
		Debug|Any CPU = Debug|Any CPU
		Release|Any CPU = Release|Any CPU
	EndGlobalSection
	GlobalSection(ProjectConfigurationPlatforms) = postSolution
		{DFBF72A2-BEFB-44DA-88F7-475EF9349457}.Debug|Any CPU.ActiveCfg = Debug|Any CPU
		{DFBF72A2-BEFB-44DA-88F7-475EF9349457}.Debug|Any CPU.Build.0 = Debug|Any CPU
		{DFBF72A2-BEFB-44DA-88F7-475EF9349457}.Release|Any CPU.ActiveCfg = Release|Any CPU
		{DFBF72A2-BEFB-44DA-88F7-475EF9349457}.Release|Any CPU.Build.0 = Release|Any CPU
	EndGlobalSection
	GlobalSection(SolutionProperties) = preSolution
		HideSolutionNode = FALSE
	EndGlobalSection
	GlobalSection(ExtensibilityGlobals) = postSolution
		SolutionGuid = {E26797B6-5C8B-42FA-8C02-C23CEEB01184}
	EndGlobalSection
EndGlobal
